
Microsoft Visual Studio Solution File, Format Version 12.00
# Visual Studio 15
VisualStudioVersion = 15.0.27004.2002
MinimumVisualStudioVersion = 10.0.40219.1
Project("{FAE04EC0-301F-11D3-BF4B-00C04F79EFBC}") = "Online Book Store", "Online Book Store\Online Book Store.csproj", "{D62F0396-0374-436A-98C4-C91BA126161A}"
EndProject
Global
	GlobalSection(SolutionConfigurationPlatforms) = preSolution
		Debug|Any CPU = Debug|Any CPU
		Release|Any CPU = Release|Any CPU
	EndGlobalSection
	GlobalSection(ProjectConfigurationPlatforms) = postSolution
		{D62F0396-0374-436A-98C4-C91BA126161A}.Debug|Any CPU.ActiveCfg = Debug|Any CPU
		{D62F0396-0374-436A-98C4-C91BA126161A}.Debug|Any CPU.Build.0 = Debug|Any CPU
		{D62F0396-0374-436A-98C4-C91BA126161A}.Release|Any CPU.ActiveCfg = Release|Any CPU
		{D62F0396-0374-436A-98C4-C91BA126161A}.Release|Any CPU.Build.0 = Release|Any CPU
	EndGlobalSection
	GlobalSection(SolutionProperties) = preSolution
		HideSolutionNode = FALSE
	EndGlobalSection
	GlobalSection(ExtensibilityGlobals) = postSolution
		SolutionGuid = {AC1F5BC1-9356-4AA4-87B1-9E3E53D59627}
	EndGlobalSection
EndGlobal
